
Microsoft Visual Studio Solution File, Format Version 12.00
# Visual Studio 14
VisualStudioVersion = 14.0.25420.1
MinimumVisualStudioVersion = 10.0.40219.1
Project("{F088123C-0E9E-452A-89E6-6BA2F21D5CAC}") = "MyBirthDay_PieterPletinckx", "MyBirthDay_PieterPletinckx\MyBirthDay_PieterPletinckx.modelproj", "{2D7BBEF5-450F-4B59-9D04-36D44C94BF2C}"
EndProject
Project("{FAE04EC0-301F-11D3-BF4B-00C04F79EFBC}") = "MyBirthday.wpf", "MyBirthday.wpf\MyBirthday.wpf.csproj", "{911F4572-721C-4516-B216-8E5BA86CC9DC}"
EndProject
Project("{FAE04EC0-301F-11D3-BF4B-00C04F79EFBC}") = "MyBirthday.BO", "MyBirthday.BO\MyBirthday.BO.csproj", "{5EA97AE2-7244-401A-804D-DDA9CF27C064}"
EndProject
Project("{FAE04EC0-301F-11D3-BF4B-00C04F79EFBC}") = "MyBirthday.Communicatie", "MyBirthday.Communicatie\MyBirthday.Communicatie.csproj", "{450D96CB-08C4-4E73-94D4-012EDBCFAFBE}"
EndProject
Project("{FAE04EC0-301F-11D3-BF4B-00C04F79EFBC}") = "MyBirthday.DAL", "MyBirthday.DAL\MyBirthday.DAL.csproj", "{5F95DB73-D2B9-4546-B001-BCE3AE0DCCFE}"
EndProject
Global
	GlobalSection(SolutionConfigurationPlatforms) = preSolution
		Debug|Any CPU = Debug|Any CPU
		Release|Any CPU = Release|Any CPU
	EndGlobalSection
	GlobalSection(ProjectConfigurationPlatforms) = postSolution
		{2D7BBEF5-450F-4B59-9D04-36D44C94BF2C}.Debug|Any CPU.ActiveCfg = Debug|Any CPU
		{2D7BBEF5-450F-4B59-9D04-36D44C94BF2C}.Debug|Any CPU.Build.0 = Debug|Any CPU
		{2D7BBEF5-450F-4B59-9D04-36D44C94BF2C}.Release|Any CPU.ActiveCfg = Release|Any CPU
		{2D7BBEF5-450F-4B59-9D04-36D44C94BF2C}.Release|Any CPU.Build.0 = Release|Any CPU
		{911F4572-721C-4516-B216-8E5BA86CC9DC}.Debug|Any CPU.ActiveCfg = Debug|Any CPU
		{911F4572-721C-4516-B216-8E5BA86CC9DC}.Debug|Any CPU.Build.0 = Debug|Any CPU
		{911F4572-721C-4516-B216-8E5BA86CC9DC}.Release|Any CPU.ActiveCfg = Release|Any CPU
		{911F4572-721C-4516-B216-8E5BA86CC9DC}.Release|Any CPU.Build.0 = Release|Any CPU
		{5EA97AE2-7244-401A-804D-DDA9CF27C064}.Debug|Any CPU.ActiveCfg = Debug|Any CPU
		{5EA97AE2-7244-401A-804D-DDA9CF27C064}.Debug|Any CPU.Build.0 = Debug|Any CPU
		{5EA97AE2-7244-401A-804D-DDA9CF27C064}.Release|Any CPU.ActiveCfg = Release|Any CPU
		{5EA97AE2-7244-401A-804D-DDA9CF27C064}.Release|Any CPU.Build.0 = Release|Any CPU
		{450D96CB-08C4-4E73-94D4-012EDBCFAFBE}.Debug|Any CPU.ActiveCfg = Debug|Any CPU
		{450D96CB-08C4-4E73-94D4-012EDBCFAFBE}.Debug|Any CPU.Build.0 = Debug|Any CPU
		{450D96CB-08C4-4E73-94D4-012EDBCFAFBE}.Release|Any CPU.ActiveCfg = Release|Any CPU
		{450D96CB-08C4-4E73-94D4-012EDBCFAFBE}.Release|Any CPU.Build.0 = Release|Any CPU
		{5F95DB73-D2B9-4546-B001-BCE3AE0DCCFE}.Debug|Any CPU.ActiveCfg = Debug|Any CPU
		{5F95DB73-D2B9-4546-B001-BCE3AE0DCCFE}.Debug|Any CPU.Build.0 = Debug|Any CPU
		{5F95DB73-D2B9-4546-B001-BCE3AE0DCCFE}.Release|Any CPU.ActiveCfg = Release|Any CPU
		{5F95DB73-D2B9-4546-B001-BCE3AE0DCCFE}.Release|Any CPU.Build.0 = Release|Any CPU
	EndGlobalSection
	GlobalSection(SolutionProperties) = preSolution
		HideSolutionNode = FALSE
	EndGlobalSection
EndGlobal
